
Microsoft Visual Studio Solution File, Format Version 12.00
# Visual Studio Version 17
VisualStudioVersion = 17.0.32014.148
MinimumVisualStudioVersion = 10.0.40219.1
Project("{2150E333-8FDC-42A3-9474-1A3956D46DE8}") = "src", "src", "{D57EDEB9-65F6-44B9-AB6D-20E37B08A9B0}"
EndProject
Project("{2150E333-8FDC-42A3-9474-1A3956D46DE8}") = "BuildingBlocks", "BuildingBlocks", "{F4841A0B-3D40-48EE-ADDE-DF4E9AFBCE4B}"
EndProject
Project("{2150E333-8FDC-42A3-9474-1A3956D46DE8}") = "Services", "Services", "{3542EA55-C77F-4210-9161-24AC6368C66B}"
EndProject
Project("{2150E333-8FDC-42A3-9474-1A3956D46DE8}") = "Web", "Web", "{DEE15388-8455-4710-8303-9F71F15A41CC}"
EndProject
Project("{2150E333-8FDC-42A3-9474-1A3956D46DE8}") = "Identidade", "Identidade", "{8C311980-86E2-4E7A-BA9A-1926A355E5BA}"
EndProject
Project("{9A19103F-16F7-4668-BE54-9A1E7A4F7556}") = "NSE.Identidade.API", "src\services\NSE.Identidade.API\NSE.Identidade.API.csproj", "{E33BAA9F-4CC2-49D5-B84C-2D1536E003AB}"
EndProject
Project("{2150E333-8FDC-42A3-9474-1A3956D46DE8}") = "MVC", "MVC", "{39A95282-6C8C-4383-83F3-E1BE82C92395}"
EndProject
Project("{2150E333-8FDC-42A3-9474-1A3956D46DE8}") = "Core", "Core", "{B966647F-B4DC-41AB-B483-FF0FC3ED2EC5}"
EndProject
Project("{9A19103F-16F7-4668-BE54-9A1E7A4F7556}") = "NSE.Core", "src\building-blocks\NSE.Core\NSE.Core.csproj", "{FC42E258-DB96-4829-971D-EA5BD131E6E6}"
EndProject
Project("{9A19103F-16F7-4668-BE54-9A1E7A4F7556}") = "NSE.WebApp.MVC", "src\web\NSE.WebApp.MVC\NSE.WebApp.MVC.csproj", "{CC218142-A29A-4C38-9134-B9BC959D81D5}"
EndProject
Project("{2150E333-8FDC-42A3-9474-1A3956D46DE8}") = "Carrinho", "Carrinho", "{A2EABA63-5B16-4A02-BAEA-6165206C7E4B}"
EndProject
Project("{9A19103F-16F7-4668-BE54-9A1E7A4F7556}") = "NSE.Carrinho.API", "src\services\NSE.Carrinho.API\NSE.Carrinho.API.csproj", "{616ED9A5-5A16-485C-BE68-051A3F68E55D}"
EndProject
Project("{2150E333-8FDC-42A3-9474-1A3956D46DE8}") = "Catalogo", "Catalogo", "{561ADE4C-2409-47CB-A7B2-F1466415159B}"
EndProject
Project("{9A19103F-16F7-4668-BE54-9A1E7A4F7556}") = "NSE.Catalogo.API", "src\services\NSE.Catalogo.API\NSE.Catalogo.API.csproj", "{54B188CF-BCFA-447F-9698-AAD8A09B5475}"
EndProject
Project("{2150E333-8FDC-42A3-9474-1A3956D46DE8}") = "Cliente", "Cliente", "{90098ABC-C872-47E7-9C3F-B405244938E2}"
EndProject
Project("{9A19103F-16F7-4668-BE54-9A1E7A4F7556}") = "NSE.Cliente.API", "src\services\NSE.Cliente.API\NSE.Cliente.API.csproj", "{AE21DEDC-5F05-4CC2-9938-362DF9BCC709}"
EndProject
Project("{2150E333-8FDC-42A3-9474-1A3956D46DE8}") = "Pagamento", "Pagamento", "{1719D327-C745-4A51-92DE-10EC8E70D644}"
EndProject
Project("{9A19103F-16F7-4668-BE54-9A1E7A4F7556}") = "NSE.Pagamento.API", "src\services\NSE.Pagamento.API\NSE.Pagamento.API.csproj", "{3CFF985B-2DD9-45DB-BA9B-8FDC3504B404}"
EndProject
Project("{2150E333-8FDC-42A3-9474-1A3956D46DE8}") = "Pedido", "Pedido", "{14389391-471D-4A28-BC58-5F7DE1DC28BF}"
EndProject
Project("{9A19103F-16F7-4668-BE54-9A1E7A4F7556}") = "NSE.Pedido.API", "src\services\NSE.Pedido.API\NSE.Pedido.API.csproj", "{59A95D5C-3124-455E-8316-2FE24C53693C}"
EndProject
Project("{2150E333-8FDC-42A3-9474-1A3956D46DE8}") = "Services", "Services", "{273CC147-5D5A-4739-8620-60DA5B73D335}"
EndProject
Project("{9A19103F-16F7-4668-BE54-9A1E7A4F7556}") = "NSE.WebAPI.Core", "src\building-blocks\NSE.WebAPI.Core\NSE.WebAPI.Core.csproj", "{3819AC57-E459-4F86-8FC6-178F2A8B3419}"
EndProject
Project("{2150E333-8FDC-42A3-9474-1A3956D46DE8}") = "Infra", "Infra", "{8AE55797-D292-49AA-BCAF-2689498FCFC1}"
EndProject
Project("{9A19103F-16F7-4668-BE54-9A1E7A4F7556}") = "NSE.Infra.MessageBus", "src\building-blocks\NSE.Infra\NSE.Infra.MessageBus\NSE.Infra.MessageBus.csproj", "{6A4311EE-198F-4196-A8D0-F94B3DE89129}"
EndProject
Project("{9A19103F-16F7-4668-BE54-9A1E7A4F7556}") = "NSE.WebApp.MVC6", "src\web\NSE.WebApp.MVC6\NSE.WebApp.MVC6.csproj", "{CDE45B27-2B9C-480E-8AA1-08A3DDE4726E}"
EndProject
Project("{2150E333-8FDC-42A3-9474-1A3956D46DE8}") = "ApiGateways", "ApiGateways", "{529A5124-F981-426F-BC73-E58E1B13258B}"
EndProject
Project("{2150E333-8FDC-42A3-9474-1A3956D46DE8}") = "Compras", "Compras", "{E0A2F0A4-AA0E-4E0D-860B-12311E98BFE1}"
EndProject
Project("{FAE04EC0-301F-11D3-BF4B-00C04F79EFBC}") = "NSE.Bff.Compras", "src\api-gateways\NSE.Bff.Compras\NSE.Bff.Compras.csproj", "{6CCE7FCF-1603-4FD4-8C86-15CCEDB5FC7E}"
EndProject
Project("{FAE04EC0-301F-11D3-BF4B-00C04F79EFBC}") = "NSE.Pedido.Domain", "src\services\NSE.Pedido.Domain\NSE.Pedido.Domain.csproj", "{37909D84-3DBF-4E9F-848E-7DCAF68A3A48}"
EndProject
Project("{FAE04EC0-301F-11D3-BF4B-00C04F79EFBC}") = "NSE.Pedido.Infra", "src\services\NSE.Pedido.Infra\NSE.Pedido.Infra.csproj", "{6F53F9F3-8E3C-4F31-9393-F732AA4D16CD}"
EndProject
Global
	GlobalSection(SolutionConfigurationPlatforms) = preSolution
		Debug|Any CPU = Debug|Any CPU
		Release|Any CPU = Release|Any CPU
	EndGlobalSection
	GlobalSection(ProjectConfigurationPlatforms) = postSolution
		{E33BAA9F-4CC2-49D5-B84C-2D1536E003AB}.Debug|Any CPU.ActiveCfg = Debug|Any CPU
		{E33BAA9F-4CC2-49D5-B84C-2D1536E003AB}.Debug|Any CPU.Build.0 = Debug|Any CPU
		{E33BAA9F-4CC2-49D5-B84C-2D1536E003AB}.Release|Any CPU.ActiveCfg = Release|Any CPU
		{E33BAA9F-4CC2-49D5-B84C-2D1536E003AB}.Release|Any CPU.Build.0 = Release|Any CPU
		{FC42E258-DB96-4829-971D-EA5BD131E6E6}.Debug|Any CPU.ActiveCfg = Debug|Any CPU
		{FC42E258-DB96-4829-971D-EA5BD131E6E6}.Debug|Any CPU.Build.0 = Debug|Any CPU
		{FC42E258-DB96-4829-971D-EA5BD131E6E6}.Release|Any CPU.ActiveCfg = Release|Any CPU
		{FC42E258-DB96-4829-971D-EA5BD131E6E6}.Release|Any CPU.Build.0 = Release|Any CPU
		{CC218142-A29A-4C38-9134-B9BC959D81D5}.Debug|Any CPU.ActiveCfg = Debug|Any CPU
		{CC218142-A29A-4C38-9134-B9BC959D81D5}.Debug|Any CPU.Build.0 = Debug|Any CPU
		{CC218142-A29A-4C38-9134-B9BC959D81D5}.Release|Any CPU.ActiveCfg = Release|Any CPU
		{CC218142-A29A-4C38-9134-B9BC959D81D5}.Release|Any CPU.Build.0 = Release|Any CPU
		{616ED9A5-5A16-485C-BE68-051A3F68E55D}.Debug|Any CPU.ActiveCfg = Debug|Any CPU
		{616ED9A5-5A16-485C-BE68-051A3F68E55D}.Debug|Any CPU.Build.0 = Debug|Any CPU
		{616ED9A5-5A16-485C-BE68-051A3F68E55D}.Release|Any CPU.ActiveCfg = Release|Any CPU
		{616ED9A5-5A16-485C-BE68-051A3F68E55D}.Release|Any CPU.Build.0 = Release|Any CPU
		{54B188CF-BCFA-447F-9698-AAD8A09B5475}.Debug|Any CPU.ActiveCfg = Debug|Any CPU
		{54B188CF-BCFA-447F-9698-AAD8A09B5475}.Debug|Any CPU.Build.0 = Debug|Any CPU
		{54B188CF-BCFA-447F-9698-AAD8A09B5475}.Release|Any CPU.ActiveCfg = Release|Any CPU
		{54B188CF-BCFA-447F-9698-AAD8A09B5475}.Release|Any CPU.Build.0 = Release|Any CPU
		{AE21DEDC-5F05-4CC2-9938-362DF9BCC709}.Debug|Any CPU.ActiveCfg = Debug|Any CPU
		{AE21DEDC-5F05-4CC2-9938-362DF9BCC709}.Debug|Any CPU.Build.0 = Debug|Any CPU
		{AE21DEDC-5F05-4CC2-9938-362DF9BCC709}.Release|Any CPU.ActiveCfg = Release|Any CPU
		{AE21DEDC-5F05-4CC2-9938-362DF9BCC709}.Release|Any CPU.Build.0 = Release|Any CPU
		{3CFF985B-2DD9-45DB-BA9B-8FDC3504B404}.Debug|Any CPU.ActiveCfg = Debug|Any CPU
		{3CFF985B-2DD9-45DB-BA9B-8FDC3504B404}.Debug|Any CPU.Build.0 = Debug|Any CPU
		{3CFF985B-2DD9-45DB-BA9B-8FDC3504B404}.Release|Any CPU.ActiveCfg = Release|Any CPU
		{3CFF985B-2DD9-45DB-BA9B-8FDC3504B404}.Release|Any CPU.Build.0 = Release|Any CPU
		{59A95D5C-3124-455E-8316-2FE24C53693C}.Debug|Any CPU.ActiveCfg = Debug|Any CPU
		{59A95D5C-3124-455E-8316-2FE24C53693C}.Debug|Any CPU.Build.0 = Debug|Any CPU
		{59A95D5C-3124-455E-8316-2FE24C53693C}.Release|Any CPU.ActiveCfg = Release|Any CPU
		{59A95D5C-3124-455E-8316-2FE24C53693C}.Release|Any CPU.Build.0 = Release|Any CPU
		{3819AC57-E459-4F86-8FC6-178F2A8B3419}.Debug|Any CPU.ActiveCfg = Debug|Any CPU
		{3819AC57-E459-4F86-8FC6-178F2A8B3419}.Debug|Any CPU.Build.0 = Debug|Any CPU
		{3819AC57-E459-4F86-8FC6-178F2A8B3419}.Release|Any CPU.ActiveCfg = Release|Any CPU
		{3819AC57-E459-4F86-8FC6-178F2A8B3419}.Release|Any CPU.Build.0 = Release|Any CPU
		{6A4311EE-198F-4196-A8D0-F94B3DE89129}.Debug|Any CPU.ActiveCfg = Debug|Any CPU
		{6A4311EE-198F-4196-A8D0-F94B3DE89129}.Debug|Any CPU.Build.0 = Debug|Any CPU
		{6A4311EE-198F-4196-A8D0-F94B3DE89129}.Release|Any CPU.ActiveCfg = Release|Any CPU
		{6A4311EE-198F-4196-A8D0-F94B3DE89129}.Release|Any CPU.Build.0 = Release|Any CPU
		{CDE45B27-2B9C-480E-8AA1-08A3DDE4726E}.Debug|Any CPU.ActiveCfg = Debug|Any CPU
		{CDE45B27-2B9C-480E-8AA1-08A3DDE4726E}.Debug|Any CPU.Build.0 = Debug|Any CPU
		{CDE45B27-2B9C-480E-8AA1-08A3DDE4726E}.Release|Any CPU.ActiveCfg = Release|Any CPU
		{CDE45B27-2B9C-480E-8AA1-08A3DDE4726E}.Release|Any CPU.Build.0 = Release|Any CPU
		{6CCE7FCF-1603-4FD4-8C86-15CCEDB5FC7E}.Debug|Any CPU.ActiveCfg = Debug|Any CPU
		{6CCE7FCF-1603-4FD4-8C86-15CCEDB5FC7E}.Debug|Any CPU.Build.0 = Debug|Any CPU
		{6CCE7FCF-1603-4FD4-8C86-15CCEDB5FC7E}.Release|Any CPU.ActiveCfg = Release|Any CPU
		{6CCE7FCF-1603-4FD4-8C86-15CCEDB5FC7E}.Release|Any CPU.Build.0 = Release|Any CPU
		{37909D84-3DBF-4E9F-848E-7DCAF68A3A48}.Debug|Any CPU.ActiveCfg = Debug|Any CPU
		{37909D84-3DBF-4E9F-848E-7DCAF68A3A48}.Debug|Any CPU.Build.0 = Debug|Any CPU
		{37909D84-3DBF-4E9F-848E-7DCAF68A3A48}.Release|Any CPU.ActiveCfg = Release|Any CPU
		{37909D84-3DBF-4E9F-848E-7DCAF68A3A48}.Release|Any CPU.Build.0 = Release|Any CPU
		{6F53F9F3-8E3C-4F31-9393-F732AA4D16CD}.Debug|Any CPU.ActiveCfg = Debug|Any CPU
		{6F53F9F3-8E3C-4F31-9393-F732AA4D16CD}.Debug|Any CPU.Build.0 = Debug|Any CPU
		{6F53F9F3-8E3C-4F31-9393-F732AA4D16CD}.Release|Any CPU.ActiveCfg = Release|Any CPU
		{6F53F9F3-8E3C-4F31-9393-F732AA4D16CD}.Release|Any CPU.Build.0 = Release|Any CPU
	EndGlobalSection
	GlobalSection(SolutionProperties) = preSolution
		HideSolutionNode = FALSE
	EndGlobalSection
	GlobalSection(NestedProjects) = preSolution
		{F4841A0B-3D40-48EE-ADDE-DF4E9AFBCE4B} = {D57EDEB9-65F6-44B9-AB6D-20E37B08A9B0}
		{3542EA55-C77F-4210-9161-24AC6368C66B} = {D57EDEB9-65F6-44B9-AB6D-20E37B08A9B0}
		{DEE15388-8455-4710-8303-9F71F15A41CC} = {D57EDEB9-65F6-44B9-AB6D-20E37B08A9B0}
		{8C311980-86E2-4E7A-BA9A-1926A355E5BA} = {3542EA55-C77F-4210-9161-24AC6368C66B}
		{E33BAA9F-4CC2-49D5-B84C-2D1536E003AB} = {8C311980-86E2-4E7A-BA9A-1926A355E5BA}
		{39A95282-6C8C-4383-83F3-E1BE82C92395} = {DEE15388-8455-4710-8303-9F71F15A41CC}
		{B966647F-B4DC-41AB-B483-FF0FC3ED2EC5} = {F4841A0B-3D40-48EE-ADDE-DF4E9AFBCE4B}
		{FC42E258-DB96-4829-971D-EA5BD131E6E6} = {B966647F-B4DC-41AB-B483-FF0FC3ED2EC5}
		{CC218142-A29A-4C38-9134-B9BC959D81D5} = {39A95282-6C8C-4383-83F3-E1BE82C92395}
		{A2EABA63-5B16-4A02-BAEA-6165206C7E4B} = {3542EA55-C77F-4210-9161-24AC6368C66B}
		{616ED9A5-5A16-485C-BE68-051A3F68E55D} = {A2EABA63-5B16-4A02-BAEA-6165206C7E4B}
		{561ADE4C-2409-47CB-A7B2-F1466415159B} = {3542EA55-C77F-4210-9161-24AC6368C66B}
		{54B188CF-BCFA-447F-9698-AAD8A09B5475} = {561ADE4C-2409-47CB-A7B2-F1466415159B}
		{90098ABC-C872-47E7-9C3F-B405244938E2} = {3542EA55-C77F-4210-9161-24AC6368C66B}
		{AE21DEDC-5F05-4CC2-9938-362DF9BCC709} = {90098ABC-C872-47E7-9C3F-B405244938E2}
		{1719D327-C745-4A51-92DE-10EC8E70D644} = {3542EA55-C77F-4210-9161-24AC6368C66B}
		{3CFF985B-2DD9-45DB-BA9B-8FDC3504B404} = {1719D327-C745-4A51-92DE-10EC8E70D644}
		{14389391-471D-4A28-BC58-5F7DE1DC28BF} = {3542EA55-C77F-4210-9161-24AC6368C66B}
		{59A95D5C-3124-455E-8316-2FE24C53693C} = {14389391-471D-4A28-BC58-5F7DE1DC28BF}
		{273CC147-5D5A-4739-8620-60DA5B73D335} = {F4841A0B-3D40-48EE-ADDE-DF4E9AFBCE4B}
		{3819AC57-E459-4F86-8FC6-178F2A8B3419} = {273CC147-5D5A-4739-8620-60DA5B73D335}
		{8AE55797-D292-49AA-BCAF-2689498FCFC1} = {F4841A0B-3D40-48EE-ADDE-DF4E9AFBCE4B}
		{6A4311EE-198F-4196-A8D0-F94B3DE89129} = {8AE55797-D292-49AA-BCAF-2689498FCFC1}
		{CDE45B27-2B9C-480E-8AA1-08A3DDE4726E} = {39A95282-6C8C-4383-83F3-E1BE82C92395}
		{529A5124-F981-426F-BC73-E58E1B13258B} = {D57EDEB9-65F6-44B9-AB6D-20E37B08A9B0}
		{E0A2F0A4-AA0E-4E0D-860B-12311E98BFE1} = {529A5124-F981-426F-BC73-E58E1B13258B}
		{6CCE7FCF-1603-4FD4-8C86-15CCEDB5FC7E} = {E0A2F0A4-AA0E-4E0D-860B-12311E98BFE1}
		{37909D84-3DBF-4E9F-848E-7DCAF68A3A48} = {14389391-471D-4A28-BC58-5F7DE1DC28BF}
		{6F53F9F3-8E3C-4F31-9393-F732AA4D16CD} = {14389391-471D-4A28-BC58-5F7DE1DC28BF}
	EndGlobalSection
	GlobalSection(ExtensibilityGlobals) = postSolution
		SolutionGuid = {34385694-03CF-486A-BB03-F4A1C5A35945}
	EndGlobalSection
EndGlobal
